// !$*UTF8*$!
{
	archiveVersion = 1;
	classes = {
	};
	objectVersion = 48;
	objects = {

/* Begin PBXBuildFile section */
		846428F02063F66D0072A9CD /* AppDelegate.m in Sources */ = {isa = PBXBuildFile; fileRef = 846428EF2063F66D0072A9CD /* AppDelegate.m */; };
		846428F32063F66D0072A9CD /* ViewController.m in Sources */ = {isa = PBXBuildFile; fileRef = 846428F22063F66D0072A9CD /* ViewController.m */; };
		846428F62063F66D0072A9CD /* Main.storyboard in Resources */ = {isa = PBXBuildFile; fileRef = 846428F42063F66D0072A9CD /* Main.storyboard */; };
		846428F82063F66D0072A9CD /* Assets.xcassets in Resources */ = {isa = PBXBuildFile; fileRef = 846428F72063F66D0072A9CD /* Assets.xcassets */; };
		846428FB2063F66D0072A9CD /* LaunchScreen.storyboard in Resources */ = {isa = PBXBuildFile; fileRef = 846428F92063F66D0072A9CD /* LaunchScreen.storyboard */; };
		846428FE2063F66D0072A9CD /* main.m in Sources */ = {isa = PBXBuildFile; fileRef = 846428FD2063F66D0072A9CD /* main.m */; };
/* End PBXBuildFile section */

/* Begin PBXFileReference section */
		846428EB2063F66D0072A9CD /* DownloadNetPicture.app */ = {isa = PBXFileReference; explicitFileType = wrapper.application; includeInIndex = 0; path = DownloadNetPicture.app; sourceTree = BUILT_PRODUCTS_DIR; };
		846428EE2063F66D0072A9CD /* AppDelegate.h */ = {isa = PBXFileReference; lastKnownFileType = sourcecode.c.h; path = AppDelegate.h; sourceTree = "<group>"; };
		846428EF2063F66D0072A9CD /* AppDelegate.m */ = {isa = PBXFileReference; lastKnownFileType = sourcecode.c.objc; path = AppDelegate.m; sourceTree = "<group>"; };
		846428F12063F66D0072A9CD /* ViewController.h */ = {isa = PBXFileReference; lastKnownFileType = sourcecode.c.h; path = ViewController.h; sourceTree = "<group>"; };
		846428F22063F66D0072A9CD /* ViewController.m */ = {isa = PBXFileReference; lastKnownFileType = sourcecode.c.objc; path = ViewController.m; sourceTree = "<group>"; };
		846428F52063F66D0072A9CD /* Base */ = {isa = PBXFileReference; lastKnownFileType = file.storyboard; name = Base; path = Base.lproj/Main.storyboard; sourceTree = "<group>"; };
		846428F72063F66D0072A9CD /* Assets.xcassets */ = {isa = PBXFileReference; lastKnownFileType = folder.assetcatalog; path = Assets.xcassets; sourceTree = "<group>"; };
		846428FA2063F66D0072A9CD /* Base */ = {isa = PBXFileReference; lastKnownFileType = file.storyboard; name = Base; path = Base.lproj/LaunchScreen.storyboard; sourceTree = "<group>"; };
		846428FC2063F66D0072A9CD /* Info.plist */ = {isa = PBXFileReference; lastKnownFileType = text.plist.xml; path = Info.plist; sourceTree = "<group>"; };
		846428FD2063F66D0072A9CD /* main.m */ = {isa = PBXFileReference; lastKnownFileType = sourcecode.c.objc; path = main.m; sourceTree = "<group>"; };
/* End PBXFileReference section */

/* Begin PBXFrameworksBuildPhase section */
		846428E82063F66D0072A9CD /* Frameworks */ = {
			isa = PBXFrameworksBuildPhase;
			buildActionMask = 2147483647;
			files = (
			);
			runOnlyForDeploymentPostprocessing = 0;
		};
/* End PBXFrameworksBuildPhase section */

/* Begin PBXGroup section */
		846428E22063F66D0072A9CD = {
			isa = PBXGroup;
			children = (
				846428ED2063F66D0072A9CD /* DownloadNetPicture */,
				846428EC2063F66D0072A9CD /* Products */,
			);
			sourceTree = "<group>";
		};
		846428EC2063F66D0072A9CD /* Products */ = {
			isa = PBXGroup;
			children = (
				846428EB2063F66D0072A9CD /* DownloadNetPicture.app */,
			);
			name = Products;
			sourceTree = "<group>";
		};
		846428ED2063F66D0072A9CD /* DownloadNetPicture */ = {
			isa = PBXGroup;
			children = (
				846428EE2063F66D0072A9CD /* AppDelegate.h */,
				846428EF2063F66D0072A9CD /* AppDelegate.m */,
				846428F12063F66D0072A9CD /* ViewController.h */,
				846428F22063F66D0072A9CD /* ViewController.m */,
				846428F42063F66D0072A9CD /* Main.storyboard */,
				846428F72063F66D0072A9CD /* Assets.xcassets */,
				846428F92063F66D0072A9CD /* LaunchScreen.storyboard */,
				846428FC2063F66D0072A9CD /* Info.plist */,
				846428FD2063F66D0072A9CD /* main.m */,
			);
			path = DownloadNetPicture;
			sourceTree = "<group>";
		};
/* End PBXGroup section */

/* Begin PBXNativeTarget section */
		846428EA2063F66D0072A9CD /* DownloadNetPicture */ = {
			isa = PBXNativeTarget;
			buildConfigurationList = 846429012063F66D0072A9CD /* Build configuration list for PBXNativeTarget "DownloadNetPicture" */;
			buildPhases = (
				846428E72063F66D0072A9CD /* Sources */,
				846428E82063F66D0072A9CD /* Frameworks */,
				846428E92063F66D0072A9CD /* Resources */,
			);
			buildRules = (
			);
			dependencies = (
			);
			name = DownloadNetPicture;
			productName = DownloadNetPicture;
			productReference = 846428EB2063F66D0072A9CD /* DownloadNetPicture.app */;
			productType = "com.apple.product-type.application";
		};
/* End PBXNativeTarget section */

/* Begin PBXProject section */
		846428E32063F66D0072A9CD /* Project object */ = {
			isa = PBXProject;
			attributes = {
				LastUpgradeCheck = 0920;
				ORGANIZATIONNAME = "芦小婷";
				TargetAttributes = {
					846428EA2063F66D0072A9CD = {
						CreatedOnToolsVersion = 9.2;
						ProvisioningStyle = Automatic;
					};
				};
			};
			buildConfigurationList = 846428E62063F66D0072A9CD /* Build configuration list for PBXProject "DownloadNetPicture" */;
			compatibilityVersion = "Xcode 8.0";
			developmentRegion = en;
			hasScannedForEncodings = 0;
			knownRegions = (
				en,
				Base,
			);
			mainGroup = 846428E22063F66D0072A9CD;
			productRefGroup = 846428EC2063F66D0072A9CD /* Products */;
			projectDirPath = "";
			projectRoot = "";
			targets = (
				846428EA2063F66D0072A9CD /* DownloadNetPicture */,
			);
		};
/* End PBXProject section */

/* Begin PBXResourcesBuildPhase section */
		846428E92063F66D0072A9CD /* Resources */ = {
			isa = PBXResourcesBuildPhase;
			buildActionMask = 2147483647;
			files = (
				846428FB2063F66D0072A9CD /* LaunchScreen.storyboard in Resources */,
				846428F82063F66D0072A9CD /* Assets.xcassets in Resources */,
				846428F62063F66D0072A9CD /* Main.storyboard in Resources */,
			);
			runOnlyForDeploymentPostprocessing = 0;
		};
/* End PBXResourcesBuildPhase section */

/* Begin PBXSourcesBuildPhase section */
		846428E72063F66D0072A9CD /* Sources */ = {
			isa = PBXSourcesBuildPhase;
			buildActionMask = 2147483647;
			files = (
				846428F32063F66D0072A9CD /* ViewController.m in Sources */,
				846428FE2063F66D0072A9CD /* main.m in Sources */,
				846428F02063F66D0072A9CD /* AppDelegate.m in Sources */,
			);
			runOnlyForDeploymentPostprocessing = 0;
		};
/* End PBXSourcesBuildPhase section */

/* Begin PBXVariantGroup section */
		846428F42063F66D0072A9CD /* Main.storyboard */ = {
			isa = PBXVariantGroup;
			children = (
				846428F52063F66D0072A9CD /* Base */,
			);
			name = Main.storyboard;
			sourceTree = "<group>";
		};
		846428F92063F66D0072A9CD /* LaunchScreen.storyboard */ = {
			isa = PBXVariantGroup;
			children = (
				846428FA2063F66D0072A9CD /* Base */,
			);
			name = LaunchScreen.storyboard;
			sourceTree = "<group>";
		};
/* End PBXVariantGroup section */

/* Begin XCBuildConfiguration section */
		846428FF2063F66D0072A9CD /* Debug */ = {
			isa = XCBuildConfiguration;
			buildSettings = {
				ALWAYS_SEARCH_USER_PATHS = NO;
				CLANG_ANALYZER_NONNULL = YES;
				CLANG_ANALYZER_NUMBER_OBJECT_CONVERSION = YES_AGGRESSIVE;
				CLANG_CXX_LANGUAGE_STANDARD = "gnu++14";
				CLANG_CXX_LIBRARY = "libc++";
				CLANG_ENABLE_MODULES = YES;
				CLANG_ENABLE_OBJC_ARC = YES;
				CLANG_WARN_BLOCK_CAPTURE_AUTORELEASING = YES;
				CLANG_WARN_BOOL_CONVERSION = YES;
				CLANG_WARN_COMMA = YES;
				CLANG_WARN_CONSTANT_CONVERSION = YES;
				CLANG_WARN_DIRECT_OBJC_ISA_USAGE = YES_ERROR;
				CLANG_WARN_DOCUMENTATION_COMMENTS = YES;
				CLANG_WARN_EMPTY_BODY = YES;
				CLANG_WARN_ENUM_CONVERSION = YES;
				CLANG_WARN_INFINITE_RECURSION = YES;
				CLANG_WARN_INT_CONVERSION = YES;
				CLANG_WARN_NON_LITERAL_NULL_CONVERSION = YES;
				CLANG_WARN_OBJC_LITERAL_CONVERSION = YES;
				CLANG_WARN_OBJC_ROOT_CLASS = YES_ERROR;
				CLANG_WARN_RANGE_LOOP_ANALYSIS = YES;
				CLANG_WARN_STRICT_PROTOTYPES = YES;
				CLANG_WARN_SUSPICIOUS_MOVE = YES;
				CLANG_WARN_UNGUARDED_AVAILABILITY = YES_AGGRESSIVE;
				CLANG_WARN_UNREACHABLE_CODE = YES;
				CLANG_WARN__DUPLICATE_METHOD_MATCH = YES;
				CODE_SIGN_IDENTITY = "iPhone Developer";
				COPY_PHASE_STRIP = NO;
				DEBUG_INFORMATION_FORMAT = dwarf;
				ENABLE_STRICT_OBJC_MSGSEND = YES;
				ENABLE_TESTABILITY = YES;
				GCC_C_LANGUAGE_STANDARD = gnu11;
				GCC_DYNAMIC_NO_PIC = NO;
				GCC_NO_COMMON_BLOCKS = YES;
				GCC_OPTIMIZATION_LEVEL = 0;
				GCC_PREPROCESSOR_DEFINITIONS = (
					"DEBUG=1",
					"$(inherited)",
				);
				GCC_WARN_64_TO_32_BIT_CONVERSION = YES;
				GCC_WARN_ABOUT_RETURN_TYPE = YES_ERROR;
				GCC_WARN_UNDECLARED_SELECTOR = YES;
				GCC_WARN_UNINITIALIZED_AUTOS = YES_AGGRESSIVE;
				GCC_WARN_UNUSED_FUNCTION = YES;
				GCC_WARN_UNUSED_VARIABLE = YES;
				IPHONEOS_DEPLOYMENT_TARGET = 11.2;
				MTL_ENABLE_DEBUG_INFO = YES;
				ONLY_ACTIVE_ARCH = YES;
				SDKROOT = iphoneos;
			};
			name = Debug;
		};
		846429002063F66D0072A9CD /* Release */ = {
			isa = XCBuildConfiguration;
			buildSettings = {
				ALWAYS_SEARCH_USER_PATHS = NO;
				CLANG_ANALYZER_NONNULL = YES;
				CLANG_ANALYZER_NUMBER_OBJECT_CONVERSION = YES_AGGRESSIVE;
				CLANG_CXX_LANGUAGE_STANDARD = "gnu++14";
				CLANG_CXX_LIBRARY = "libc++";
				CLANG_ENABLE_MODULES = YES;
				CLANG_ENABLE_OBJC_ARC = YES;
				CLANG_WARN_BLOCK_CAPTURE_AUTORELEASING = YES;
				CLANG_WARN_BOOL_CONVERSION = YES;
				CLANG_WARN_COMMA = YES;
				CLANG_WARN_CONSTANT_CONVERSION = YES;
				CLANG_WARN_DIRECT_OBJC_ISA_USAGE = YES_ERROR;
				CLANG_WARN_DOCUMENTATION_COMMENTS = YES;
				CLANG_WARN_EMPTY_BODY = YES;
				CLANG_WARN_ENUM_CONVERSION = YES;
				CLANG_WARN_INFINITE_RECURSION = YES;
				CLANG_WARN_INT_CONVERSION = YES;
				CLANG_WARN_NON_LITERAL_NULL_CONVERSION = YES;
				CLANG_WARN_OBJC_LITERAL_CONVERSION = YES;
				CLANG_WARN_OBJC_ROOT_CLASS = YES_ERROR;
				CLANG_WARN_RANGE_LOOP_ANALYSIS = YES;
				CLANG_WARN_STRICT_PROTOTYPES = YES;
				CLANG_WARN_SUSPICIOUS_MOVE = YES;
				CLANG_WARN_UNGUARDED_AVAILABILITY = YES_AGGRESSIVE;
				CLANG_WARN_UNREACHABLE_CODE = YES;
				CLANG_WARN__DUPLICATE_METHOD_MATCH = YES;
				CODE_SIGN_IDENTITY = "iPhone Developer";
				COPY_PHASE_STRIP = NO;
				DEBUG_INFORMATION_FORMAT = "dwarf-with-dsym";
				ENABLE_NS_ASSERTIONS = NO;
				ENABLE_STRICT_OBJC_MSGSEND = YES;
				GCC_C_LANGUAGE_STANDARD = gnu11;
				GCC_NO_COMMON_BLOCKS = YES;
				GCC_WARN_64_TO_32_BIT_CONVERSION = YES;
				GCC_WARN_ABOUT_RETURN_TYPE = YES_ERROR;
				GCC_WARN_UNDECLARED_SELECTOR = YES;
				GCC_WARN_UNINITIALIZED_AUTOS = YES_AGGRESSIVE;
				GCC_WARN_UNUSED_FUNCTION = YES;
				GCC_WARN_UNUSED_VARIABLE = YES;
				IPHONEOS_DEPLOYMENT_TARGET = 11.2;
				MTL_ENABLE_DEBUG_INFO = NO;
				SDKROOT = iphoneos;
				VALIDATE_PRODUCT = YES;
			};
			name = Release;
		};
		846429022063F66D0072A9CD /* Debug */ = {
			isa = XCBuildConfiguration;
			buildSettings = {
				ASSETCATALOG_COMPILER_APPICON_NAME = AppIcon;
				CODE_SIGN_STYLE = Automatic;
				DEVELOPMENT_TEAM = 46857638PS;
				INFOPLIST_FILE = DownloadNetPicture/Info.plist;
				LD_RUNPATH_SEARCH_PATHS = "$(inherited) @executable_path/Frameworks";
				PRODUCT_BUNDLE_IDENTIFIER = lxt.DownloadNetPicture;
				PRODUCT_NAME = "$(TARGET_NAME)";
				TARGETED_DEVICE_FAMILY = "1,2";
			};
			name = Debug;
		};
		846429032063F66D0072A9CD /* Release */ = {
			isa = XCBuildConfiguration;
			buildSettings = {
				ASSETCATALOG_COMPILER_APPICON_NAME = AppIcon;
				CODE_SIGN_STYLE = Automatic;
				DEVELOPMENT_TEAM = 46857638PS;
				INFOPLIST_FILE = DownloadNetPicture/Info.plist;
				LD_RUNPATH_SEARCH_PATHS = "$(inherited) @executable_path/Frameworks";
				PRODUCT_BUNDLE_IDENTIFIER = lxt.DownloadNetPicture;
				PRODUCT_NAME = "$(TARGET_NAME)";
				TARGETED_DEVICE_FAMILY = "1,2";
			};
			name = Release;
		};
/* End XCBuildConfiguration section */

/* Begin XCConfigurationList section */
		846428E62063F66D0072A9CD /* Build configuration list for PBXProject "DownloadNetPicture" */ = {
			isa = XCConfigurationList;
			buildConfigurations = (
				846428FF2063F66D0072A9CD /* Debug */,
				846429002063F66D0072A9CD /* Release */,
			);
			defaultConfigurationIsVisible = 0;
			defaultConfigurationName = Release;
		};
		846429012063F66D0072A9CD /* Build configuration list for PBXNativeTarget "DownloadNetPicture" */ = {
			isa = XCConfigurationList;
			buildConfigurations = (
				846429022063F66D0072A9CD /* Debug */,
				846429032063F66D0072A9CD /* Release */,
			);
			defaultConfigurationIsVisible = 0;
			defaultConfigurationName = Release;
		};
/* End XCConfigurationList section */
	};
	rootObject = 846428E32063F66D0072A9CD /* Project object */;
}
